
Microsoft Visual Studio Solution File, Format Version 12.00
# Visual Studio Version 17
VisualStudioVersion = 17.2.32526.322
MinimumVisualStudioVersion = 10.0.40219.1
Project("{FAE04EC0-301F-11D3-BF4B-00C04F79EFBC}") = "RMS", "RMS\RMS.csproj", "{929194A3-BC90-4757-A117-EC66DFA8404C}"
EndProject
Global
	GlobalSection(SolutionConfigurationPlatforms) = preSolution
		Debug|Any CPU = Debug|Any CPU
		Release|Any CPU = Release|Any CPU
	EndGlobalSection
	GlobalSection(ProjectConfigurationPlatforms) = postSolution
		{929194A3-BC90-4757-A117-EC66DFA8404C}.Debug|Any CPU.ActiveCfg = Debug|Any CPU
		{929194A3-BC90-4757-A117-EC66DFA8404C}.Debug|Any CPU.Build.0 = Debug|Any CPU
		{929194A3-BC90-4757-A117-EC66DFA8404C}.Release|Any CPU.ActiveCfg = Release|Any CPU
		{929194A3-BC90-4757-A117-EC66DFA8404C}.Release|Any CPU.Build.0 = Release|Any CPU
	EndGlobalSection
	GlobalSection(SolutionProperties) = preSolution
		HideSolutionNode = FALSE
	EndGlobalSection
	GlobalSection(ExtensibilityGlobals) = postSolution
		SolutionGuid = {3CD46676-EE9F-4077-94D4-309678299035}
	EndGlobalSection
EndGlobal
